
Microsoft Visual Studio Solution File, Format Version 12.00
# Visual Studio Version 16
VisualStudioVersion = 16.0.31112.23
MinimumVisualStudioVersion = 10.0.40219.1
Project("{FAE04EC0-301F-11D3-BF4B-00C04F79EFBC}") = "HEC", "HEC\HEC.csproj", "{DAD53574-525E-448B-84DF-D45CF468CD2E}"
EndProject
Global
	GlobalSection(SolutionConfigurationPlatforms) = preSolution
		Debug|Any CPU = Debug|Any CPU
		Release|Any CPU = Release|Any CPU
	EndGlobalSection
	GlobalSection(ProjectConfigurationPlatforms) = postSolution
		{DAD53574-525E-448B-84DF-D45CF468CD2E}.Debug|Any CPU.ActiveCfg = Debug|Any CPU
		{DAD53574-525E-448B-84DF-D45CF468CD2E}.Debug|Any CPU.Build.0 = Debug|Any CPU
		{DAD53574-525E-448B-84DF-D45CF468CD2E}.Release|Any CPU.ActiveCfg = Release|Any CPU
		{DAD53574-525E-448B-84DF-D45CF468CD2E}.Release|Any CPU.Build.0 = Release|Any CPU
	EndGlobalSection
	GlobalSection(SolutionProperties) = preSolution
		HideSolutionNode = FALSE
	EndGlobalSection
	GlobalSection(ExtensibilityGlobals) = postSolution
		SolutionGuid = {AC10330F-D114-4BAB-8645-76DAA79AC7EF}
	EndGlobalSection
EndGlobal
